
Microsoft Visual Studio Solution File, Format Version 12.00
# Visual Studio Version 17
VisualStudioVersion = 17.4.33205.214
MinimumVisualStudioVersion = 10.0.40219.1
Project("{FAE04EC0-301F-11D3-BF4B-00C04F79EFBC}") = "Calculator 3", "Calculator 3\Calculator 3.csproj", "{EEE91183-CD5F-4B6E-9496-AB5443E764D0}"
EndProject
Global
	GlobalSection(SolutionConfigurationPlatforms) = preSolution
		Debug|Any CPU = Debug|Any CPU
		Release|Any CPU = Release|Any CPU
	EndGlobalSection
	GlobalSection(ProjectConfigurationPlatforms) = postSolution
		{EEE91183-CD5F-4B6E-9496-AB5443E764D0}.Debug|Any CPU.ActiveCfg = Debug|Any CPU
		{EEE91183-CD5F-4B6E-9496-AB5443E764D0}.Debug|Any CPU.Build.0 = Debug|Any CPU
		{EEE91183-CD5F-4B6E-9496-AB5443E764D0}.Release|Any CPU.ActiveCfg = Release|Any CPU
		{EEE91183-CD5F-4B6E-9496-AB5443E764D0}.Release|Any CPU.Build.0 = Release|Any CPU
	EndGlobalSection
	GlobalSection(SolutionProperties) = preSolution
		HideSolutionNode = FALSE
	EndGlobalSection
	GlobalSection(ExtensibilityGlobals) = postSolution
		SolutionGuid = {4A338352-8359-42C6-B814-F98D8B02116A}
	EndGlobalSection
EndGlobal
